
Microsoft Visual Studio Solution File, Format Version 12.00
# Visual Studio Version 17
VisualStudioVersion = 17.5.33424.131
MinimumVisualStudioVersion = 10.0.40219.1
Project("{9A19103F-16F7-4668-BE54-9A1E7A4F7556}") = "Store.Domain", "Store.Domain.csproj", "{48E9B513-D9CA-4F5D-A04D-AB986FF236A7}"
EndProject
Project("{9A19103F-16F7-4668-BE54-9A1E7A4F7556}") = "Store.WebUI", "..\Store.WebUI\Store.WebUI.csproj", "{808189DB-B75D-411D-B84C-478C216377AC}"
EndProject
Project("{FAE04EC0-301F-11D3-BF4B-00C04F79EFBC}") = "Store.Tests", "..\Store.Tests\Store.Tests.csproj", "{595AC6AF-8F8D-4853-A760-C6FE8E0A9D07}"
EndProject
Global
	GlobalSection(SolutionConfigurationPlatforms) = preSolution
		Debug|Any CPU = Debug|Any CPU
		Release|Any CPU = Release|Any CPU
	EndGlobalSection
	GlobalSection(ProjectConfigurationPlatforms) = postSolution
		{48E9B513-D9CA-4F5D-A04D-AB986FF236A7}.Debug|Any CPU.ActiveCfg = Debug|Any CPU
		{48E9B513-D9CA-4F5D-A04D-AB986FF236A7}.Debug|Any CPU.Build.0 = Debug|Any CPU
		{48E9B513-D9CA-4F5D-A04D-AB986FF236A7}.Release|Any CPU.ActiveCfg = Release|Any CPU
		{48E9B513-D9CA-4F5D-A04D-AB986FF236A7}.Release|Any CPU.Build.0 = Release|Any CPU
		{808189DB-B75D-411D-B84C-478C216377AC}.Debug|Any CPU.ActiveCfg = Debug|Any CPU
		{808189DB-B75D-411D-B84C-478C216377AC}.Debug|Any CPU.Build.0 = Debug|Any CPU
		{808189DB-B75D-411D-B84C-478C216377AC}.Release|Any CPU.ActiveCfg = Release|Any CPU
		{808189DB-B75D-411D-B84C-478C216377AC}.Release|Any CPU.Build.0 = Release|Any CPU
		{595AC6AF-8F8D-4853-A760-C6FE8E0A9D07}.Debug|Any CPU.ActiveCfg = Debug|Any CPU
		{595AC6AF-8F8D-4853-A760-C6FE8E0A9D07}.Debug|Any CPU.Build.0 = Debug|Any CPU
		{595AC6AF-8F8D-4853-A760-C6FE8E0A9D07}.Release|Any CPU.ActiveCfg = Release|Any CPU
		{595AC6AF-8F8D-4853-A760-C6FE8E0A9D07}.Release|Any CPU.Build.0 = Release|Any CPU
	EndGlobalSection
	GlobalSection(SolutionProperties) = preSolution
		HideSolutionNode = FALSE
	EndGlobalSection
	GlobalSection(ExtensibilityGlobals) = postSolution
		SolutionGuid = {6BE05C97-1BFF-475E-99DB-44B9B3FD72A7}
	EndGlobalSection
EndGlobal
